
Microsoft Visual Studio Solution File, Format Version 12.00
# Visual Studio Version 17
VisualStudioVersion = 17.5.002.0
MinimumVisualStudioVersion = 10.0.40219.1
Project("{9A19103F-16F7-4668-BE54-9A1E7A4F7556}") = "backend", "backend\backend.csproj", "{D05523AC-F805-4E85-A50A-D260ADB5F098}"
EndProject
Global
	GlobalSection(SolutionConfigurationPlatforms) = preSolution
		Debug|Any CPU = Debug|Any CPU
		Release|Any CPU = Release|Any CPU
	EndGlobalSection
	GlobalSection(ProjectConfigurationPlatforms) = postSolution
		{D05523AC-F805-4E85-A50A-D260ADB5F098}.Debug|Any CPU.ActiveCfg = Debug|Any CPU
		{D05523AC-F805-4E85-A50A-D260ADB5F098}.Debug|Any CPU.Build.0 = Debug|Any CPU
		{D05523AC-F805-4E85-A50A-D260ADB5F098}.Release|Any CPU.ActiveCfg = Release|Any CPU
		{D05523AC-F805-4E85-A50A-D260ADB5F098}.Release|Any CPU.Build.0 = Release|Any CPU
	EndGlobalSection
	GlobalSection(SolutionProperties) = preSolution
		HideSolutionNode = FALSE
	EndGlobalSection
	GlobalSection(ExtensibilityGlobals) = postSolution
		SolutionGuid = {D87827F0-6B25-48F4-89F0-435AB8AB38DE}
	EndGlobalSection
EndGlobal
